// !$*UTF8*$!
{
	archiveVersion = 1;
	classes = {
	};
	objectVersion = 46;
	objects = {

/* Begin PBXBuildFile section */
		C4CAC1AF17E2C04A0032D5D0 /* Foundation.framework in Frameworks */ = {isa = PBXBuildFile; fileRef = C4CAC1AE17E2C04A0032D5D0 /* Foundation.framework */; };
		C4CAC1B217E2C04A0032D5D0 /* main.m in Sources */ = {isa = PBXBuildFile; fileRef = C4CAC1B117E2C04A0032D5D0 /* main.m */; };
		C4CAC1B617E2C04B0032D5D0 /* DelegateTest.1 in CopyFiles */ = {isa = PBXBuildFile; fileRef = C4CAC1B517E2C04B0032D5D0 /* DelegateTest.1 */; };
/* End PBXBuildFile section */

/* Begin PBXCopyFilesBuildPhase section */
		C4CAC1A917E2C04A0032D5D0 /* CopyFiles */ = {
			isa = PBXCopyFilesBuildPhase;
			buildActionMask = 2147483647;
			dstPath = /usr/share/man/man1/;
			dstSubfolderSpec = 0;
			files = (
				C4CAC1B617E2C04B0032D5D0 /* DelegateTest.1 in CopyFiles */,
			);
			runOnlyForDeploymentPostprocessing = 1;
		};
/* End PBXCopyFilesBuildPhase section */

/* Begin PBXFileReference section */
		C4CAC1AB17E2C04A0032D5D0 /* DelegateTest */ = {isa = PBXFileReference; explicitFileType = "compiled.mach-o.executable"; includeInIndex = 0; path = DelegateTest; sourceTree = BUILT_PRODUCTS_DIR; };
		C4CAC1AE17E2C04A0032D5D0 /* Foundation.framework */ = {isa = PBXFileReference; lastKnownFileType = wrapper.framework; name = Foundation.framework; path = System/Library/Frameworks/Foundation.framework; sourceTree = SDKROOT; };
		C4CAC1B117E2C04A0032D5D0 /* main.m */ = {isa = PBXFileReference; lastKnownFileType = sourcecode.c.objc; path = main.m; sourceTree = "<group>"; };
		C4CAC1B417E2C04A0032D5D0 /* DelegateTest-Prefix.pch */ = {isa = PBXFileReference; lastKnownFileType = sourcecode.c.h; path = "DelegateTest-Prefix.pch"; sourceTree = "<group>"; };
		C4CAC1B517E2C04B0032D5D0 /* DelegateTest.1 */ = {isa = PBXFileReference; lastKnownFileType = text.man; path = DelegateTest.1; sourceTree = "<group>"; };
/* End PBXFileReference section */

/* Begin PBXFrameworksBuildPhase section */
		C4CAC1A817E2C04A0032D5D0 /* Frameworks */ = {
			isa = PBXFrameworksBuildPhase;
			buildActionMask = 2147483647;
			files = (
				C4CAC1AF17E2C04A0032D5D0 /* Foundation.framework in Frameworks */,
			);
			runOnlyForDeploymentPostprocessing = 0;
		};
/* End PBXFrameworksBuildPhase section */

/* Begin PBXGroup section */
		C4CAC1A217E2C04A0032D5D0 = {
			isa = PBXGroup;
			children = (
				C4CAC1B017E2C04A0032D5D0 /* DelegateTest */,
				C4CAC1AD17E2C04A0032D5D0 /* Frameworks */,
				C4CAC1AC17E2C04A0032D5D0 /* Products */,
			);
			sourceTree = "<group>";
		};
		C4CAC1AC17E2C04A0032D5D0 /* Products */ = {
			isa = PBXGroup;
			children = (
				C4CAC1AB17E2C04A0032D5D0 /* DelegateTest */,
			);
			name = Products;
			sourceTree = "<group>";
		};
		C4CAC1AD17E2C04A0032D5D0 /* Frameworks */ = {
			isa = PBXGroup;
			children = (
				C4CAC1AE17E2C04A0032D5D0 /* Foundation.framework */,
			);
			name = Frameworks;
			sourceTree = "<group>";
		};
		C4CAC1B017E2C04A0032D5D0 /* DelegateTest */ = {
			isa = PBXGroup;
			children = (
				C4CAC1B117E2C04A0032D5D0 /* main.m */,
				C4CAC1B517E2C04B0032D5D0 /* DelegateTest.1 */,
				C4CAC1B317E2C04A0032D5D0 /* Supporting Files */,
			);
			path = DelegateTest;
			sourceTree = "<group>";
		};
		C4CAC1B317E2C04A0032D5D0 /* Supporting Files */ = {
			isa = PBXGroup;
			children = (
				C4CAC1B417E2C04A0032D5D0 /* DelegateTest-Prefix.pch */,
			);
			name = "Supporting Files";
			sourceTree = "<group>";
		};
/* End PBXGroup section */

/* Begin PBXNativeTarget section */
		C4CAC1AA17E2C04A0032D5D0 /* DelegateTest */ = {
			isa = PBXNativeTarget;
			buildConfigurationList = C4CAC1B917E2C04B0032D5D0 /* Build configuration list for PBXNativeTarget "DelegateTest" */;
			buildPhases = (
				C4CAC1A717E2C04A0032D5D0 /* Sources */,
				C4CAC1A817E2C04A0032D5D0 /* Frameworks */,
				C4CAC1A917E2C04A0032D5D0 /* CopyFiles */,
			);
			buildRules = (
			);
			dependencies = (
			);
			name = DelegateTest;
			productName = DelegateTest;
			productReference = C4CAC1AB17E2C04A0032D5D0 /* DelegateTest */;
			productType = "com.apple.product-type.tool";
		};
/* End PBXNativeTarget section */

/* Begin PBXProject section */
		C4CAC1A317E2C04A0032D5D0 /* Project object */ = {
			isa = PBXProject;
			attributes = {
				LastUpgradeCheck = 0460;
				ORGANIZATIONNAME = com.Sinosoft;
			};
			buildConfigurationList = C4CAC1A617E2C04A0032D5D0 /* Build configuration list for PBXProject "DelegateTest" */;
			compatibilityVersion = "Xcode 3.2";
			developmentRegion = English;
			hasScannedForEncodings = 0;
			knownRegions = (
				en,
			);
			mainGroup = C4CAC1A217E2C04A0032D5D0;
			productRefGroup = C4CAC1AC17E2C04A0032D5D0 /* Products */;
			projectDirPath = "";
			projectRoot = "";
			targets = (
				C4CAC1AA17E2C04A0032D5D0 /* DelegateTest */,
			);
		};
/* End PBXProject section */

/* Begin PBXSourcesBuildPhase section */
		C4CAC1A717E2C04A0032D5D0 /* Sources */ = {
			isa = PBXSourcesBuildPhase;
			buildActionMask = 2147483647;
			files = (
				C4CAC1B217E2C04A0032D5D0 /* main.m in Sources */,
			);
			runOnlyForDeploymentPostprocessing = 0;
		};
/* End PBXSourcesBuildPhase section */

/* Begin XCBuildConfiguration section */
		C4CAC1B717E2C04B0032D5D0 /* Debug */ = {
			isa = XCBuildConfiguration;
			buildSettings = {
				ALWAYS_SEARCH_USER_PATHS = NO;
				ARCHS = "$(ARCHS_STANDARD_64_BIT)";
				CLANG_CXX_LANGUAGE_STANDARD = "gnu++0x";
				CLANG_CXX_LIBRARY = "libc++";
				CLANG_WARN_CONSTANT_CONVERSION = YES;
				CLANG_WARN_EMPTY_BODY = YES;
				CLANG_WARN_ENUM_CONVERSION = YES;
				CLANG_WARN_INT_CONVERSION = YES;
				CLANG_WARN__DUPLICATE_METHOD_MATCH = YES;
				COPY_PHASE_STRIP = NO;
				GCC_C_LANGUAGE_STANDARD = gnu99;
				GCC_DYNAMIC_NO_PIC = NO;
				GCC_ENABLE_OBJC_EXCEPTIONS = YES;
				GCC_OPTIMIZATION_LEVEL = 0;
				GCC_PREPROCESSOR_DEFINITIONS = (
					"DEBUG=1",
					"$(inherited)",
				);
				GCC_SYMBOLS_PRIVATE_EXTERN = NO;
				GCC_WARN_64_TO_32_BIT_CONVERSION = YES;
				GCC_WARN_ABOUT_RETURN_TYPE = YES;
				GCC_WARN_UNINITIALIZED_AUTOS = YES;
				GCC_WARN_UNUSED_VARIABLE = YES;
				MACOSX_DEPLOYMENT_TARGET = 10.8;
				ONLY_ACTIVE_ARCH = YES;
				SDKROOT = macosx;
			};
			name = Debug;
		};
		C4CAC1B817E2C04B0032D5D0 /* Release */ = {
			isa = XCBuildConfiguration;
			buildSettings = {
				ALWAYS_SEARCH_USER_PATHS = NO;
				ARCHS = "$(ARCHS_STANDARD_64_BIT)";
				CLANG_CXX_LANGUAGE_STANDARD = "gnu++0x";
				CLANG_CXX_LIBRARY = "libc++";
				CLANG_WARN_CONSTANT_CONVERSION = YES;
				CLANG_WARN_EMPTY_BODY = YES;
				CLANG_WARN_ENUM_CONVERSION = YES;
				CLANG_WARN_INT_CONVERSION = YES;
				CLANG_WARN__DUPLICATE_METHOD_MATCH = YES;
				COPY_PHASE_STRIP = YES;
				DEBUG_INFORMATION_FORMAT = "dwarf-with-dsym";
				GCC_C_LANGUAGE_STANDARD = gnu99;
				GCC_ENABLE_OBJC_EXCEPTIONS = YES;
				GCC_WARN_64_TO_32_BIT_CONVERSION = YES;
				GCC_WARN_ABOUT_RETURN_TYPE = YES;
				GCC_WARN_UNINITIALIZED_AUTOS = YES;
				GCC_WARN_UNUSED_VARIABLE = YES;
				MACOSX_DEPLOYMENT_TARGET = 10.8;
				SDKROOT = macosx;
			};
			name = Release;
		};
		C4CAC1BA17E2C04B0032D5D0 /* Debug */ = {
			isa = XCBuildConfiguration;
			buildSettings = {
				GCC_PRECOMPILE_PREFIX_HEADER = YES;
				GCC_PREFIX_HEADER = "DelegateTest/DelegateTest-Prefix.pch";
				PRODUCT_NAME = "$(TARGET_NAME)";
			};
			name = Debug;
		};
		C4CAC1BB17E2C04B0032D5D0 /* Release */ = {
			isa = XCBuildConfiguration;
			buildSettings = {
				GCC_PRECOMPILE_PREFIX_HEADER = YES;
				GCC_PREFIX_HEADER = "DelegateTest/DelegateTest-Prefix.pch";
				PRODUCT_NAME = "$(TARGET_NAME)";
			};
			name = Release;
		};
/* End XCBuildConfiguration section */

/* Begin XCConfigurationList section */
		C4CAC1A617E2C04A0032D5D0 /* Build configuration list for PBXProject "DelegateTest" */ = {
			isa = XCConfigurationList;
			buildConfigurations = (
				C4CAC1B717E2C04B0032D5D0 /* Debug */,
				C4CAC1B817E2C04B0032D5D0 /* Release */,
			);
			defaultConfigurationIsVisible = 0;
			defaultConfigurationName = Release;
		};
		C4CAC1B917E2C04B0032D5D0 /* Build configuration list for PBXNativeTarget "DelegateTest" */ = {
			isa = XCConfigurationList;
			buildConfigurations = (
				C4CAC1BA17E2C04B0032D5D0 /* Debug */,
				C4CAC1BB17E2C04B0032D5D0 /* Release */,
			);
			defaultConfigurationIsVisible = 0;
		};
/* End XCConfigurationList section */
	};
	rootObject = C4CAC1A317E2C04A0032D5D0 /* Project object */;
}
